// !$*UTF8*$!
{
	archiveVersion = 1;
	classes = {
	};
	objectVersion = 50;
	objects = {

/* Begin PBXBuildFile section */
		9AD5B45323BF5F3600A72348 /* AppDelegate.swift in Sources */ = {isa = PBXBuildFile; fileRef = 9AD5B45223BF5F3600A72348 /* AppDelegate.swift */; };
		9AD5B45523BF5F3600A72348 /* SceneDelegate.swift in Sources */ = {isa = PBXBuildFile; fileRef = 9AD5B45423BF5F3600A72348 /* SceneDelegate.swift */; };
		9AD5B45723BF5F3600A72348 /* ViewController.swift in Sources */ = {isa = PBXBuildFile; fileRef = 9AD5B45623BF5F3600A72348 /* ViewController.swift */; };
		9AD5B45A23BF5F3600A72348 /* Main.storyboard in Resources */ = {isa = PBXBuildFile; fileRef = 9AD5B45823BF5F3600A72348 /* Main.storyboard */; };
		9AD5B45C23BF5F3A00A72348 /* Assets.xcassets in Resources */ = {isa = PBXBuildFile; fileRef = 9AD5B45B23BF5F3A00A72348 /* Assets.xcassets */; };
		9AD5B45F23BF5F3A00A72348 /* LaunchScreen.storyboard in Resources */ = {isa = PBXBuildFile; fileRef = 9AD5B45D23BF5F3A00A72348 /* LaunchScreen.storyboard */; };
		9AD5B46723BF610C00A72348 /* ColorfulTableViewCell.swift in Sources */ = {isa = PBXBuildFile; fileRef = 9AD5B46623BF610C00A72348 /* ColorfulTableViewCell.swift */; };
		9AD5B46923BFB03D00A72348 /* DetailsViewController.swift in Sources */ = {isa = PBXBuildFile; fileRef = 9AD5B46823BFB03D00A72348 /* DetailsViewController.swift */; };
		9AD5B46B23BFB60400A72348 /* Extensions.swift in Sources */ = {isa = PBXBuildFile; fileRef = 9AD5B46A23BFB60400A72348 /* Extensions.swift */; };
/* End PBXBuildFile section */

/* Begin PBXFileReference section */
		9AD5B44F23BF5F3600A72348 /* TableViewExpand.app */ = {isa = PBXFileReference; explicitFileType = wrapper.application; includeInIndex = 0; path = TableViewExpand.app; sourceTree = BUILT_PRODUCTS_DIR; };
		9AD5B45223BF5F3600A72348 /* AppDelegate.swift */ = {isa = PBXFileReference; lastKnownFileType = sourcecode.swift; path = AppDelegate.swift; sourceTree = "<group>"; };
		9AD5B45423BF5F3600A72348 /* SceneDelegate.swift */ = {isa = PBXFileReference; lastKnownFileType = sourcecode.swift; path = SceneDelegate.swift; sourceTree = "<group>"; };
		9AD5B45623BF5F3600A72348 /* ViewController.swift */ = {isa = PBXFileReference; lastKnownFileType = sourcecode.swift; path = ViewController.swift; sourceTree = "<group>"; };
		9AD5B45923BF5F3600A72348 /* Base */ = {isa = PBXFileReference; lastKnownFileType = file.storyboard; name = Base; path = Base.lproj/Main.storyboard; sourceTree = "<group>"; };
		9AD5B45B23BF5F3A00A72348 /* Assets.xcassets */ = {isa = PBXFileReference; lastKnownFileType = folder.assetcatalog; path = Assets.xcassets; sourceTree = "<group>"; };
		9AD5B45E23BF5F3A00A72348 /* Base */ = {isa = PBXFileReference; lastKnownFileType = file.storyboard; name = Base; path = Base.lproj/LaunchScreen.storyboard; sourceTree = "<group>"; };
		9AD5B46023BF5F3A00A72348 /* Info.plist */ = {isa = PBXFileReference; lastKnownFileType = text.plist.xml; path = Info.plist; sourceTree = "<group>"; };
		9AD5B46623BF610C00A72348 /* ColorfulTableViewCell.swift */ = {isa = PBXFileReference; lastKnownFileType = sourcecode.swift; path = ColorfulTableViewCell.swift; sourceTree = "<group>"; };
		9AD5B46823BFB03D00A72348 /* DetailsViewController.swift */ = {isa = PBXFileReference; lastKnownFileType = sourcecode.swift; path = DetailsViewController.swift; sourceTree = "<group>"; };
		9AD5B46A23BFB60400A72348 /* Extensions.swift */ = {isa = PBXFileReference; lastKnownFileType = sourcecode.swift; path = Extensions.swift; sourceTree = "<group>"; };
/* End PBXFileReference section */

/* Begin PBXFrameworksBuildPhase section */
		9AD5B44C23BF5F3600A72348 /* Frameworks */ = {
			isa = PBXFrameworksBuildPhase;
			buildActionMask = 2147483647;
			files = (
			);
			runOnlyForDeploymentPostprocessing = 0;
		};
/* End PBXFrameworksBuildPhase section */

/* Begin PBXGroup section */
		9AD5B44623BF5F3600A72348 = {
			isa = PBXGroup;
			children = (
				9AD5B45123BF5F3600A72348 /* TableViewExpand */,
				9AD5B45023BF5F3600A72348 /* Products */,
			);
			sourceTree = "<group>";
		};
		9AD5B45023BF5F3600A72348 /* Products */ = {
			isa = PBXGroup;
			children = (
				9AD5B44F23BF5F3600A72348 /* TableViewExpand.app */,
			);
			name = Products;
			sourceTree = "<group>";
		};
		9AD5B45123BF5F3600A72348 /* TableViewExpand */ = {
			isa = PBXGroup;
			children = (
				9AD5B45223BF5F3600A72348 /* AppDelegate.swift */,
				9AD5B45423BF5F3600A72348 /* SceneDelegate.swift */,
				9AD5B45623BF5F3600A72348 /* ViewController.swift */,
				9AD5B46823BFB03D00A72348 /* DetailsViewController.swift */,
				9AD5B46623BF610C00A72348 /* ColorfulTableViewCell.swift */,
				9AD5B46A23BFB60400A72348 /* Extensions.swift */,
				9AD5B45823BF5F3600A72348 /* Main.storyboard */,
				9AD5B45B23BF5F3A00A72348 /* Assets.xcassets */,
				9AD5B45D23BF5F3A00A72348 /* LaunchScreen.storyboard */,
				9AD5B46023BF5F3A00A72348 /* Info.plist */,
			);
			path = TableViewExpand;
			sourceTree = "<group>";
		};
/* End PBXGroup section */

/* Begin PBXNativeTarget section */
		9AD5B44E23BF5F3600A72348 /* TableViewExpand */ = {
			isa = PBXNativeTarget;
			buildConfigurationList = 9AD5B46323BF5F3A00A72348 /* Build configuration list for PBXNativeTarget "TableViewExpand" */;
			buildPhases = (
				9AD5B44B23BF5F3600A72348 /* Sources */,
				9AD5B44C23BF5F3600A72348 /* Frameworks */,
				9AD5B44D23BF5F3600A72348 /* Resources */,
			);
			buildRules = (
			);
			dependencies = (
			);
			name = TableViewExpand;
			productName = TableViewExpand;
			productReference = 9AD5B44F23BF5F3600A72348 /* TableViewExpand.app */;
			productType = "com.apple.product-type.application";
		};
/* End PBXNativeTarget section */

/* Begin PBXProject section */
		9AD5B44723BF5F3600A72348 /* Project object */ = {
			isa = PBXProject;
			attributes = {
				LastSwiftUpdateCheck = 1130;
				LastUpgradeCheck = 1130;
				ORGANIZATIONNAME = "Hassan El Desouky";
				TargetAttributes = {
					9AD5B44E23BF5F3600A72348 = {
						CreatedOnToolsVersion = 11.3;
					};
				};
			};
			buildConfigurationList = 9AD5B44A23BF5F3600A72348 /* Build configuration list for PBXProject "TableViewExpand" */;
			compatibilityVersion = "Xcode 9.3";
			developmentRegion = en;
			hasScannedForEncodings = 0;
			knownRegions = (
				en,
				Base,
			);
			mainGroup = 9AD5B44623BF5F3600A72348;
			productRefGroup = 9AD5B45023BF5F3600A72348 /* Products */;
			projectDirPath = "";
			projectRoot = "";
			targets = (
				9AD5B44E23BF5F3600A72348 /* TableViewExpand */,
			);
		};
/* End PBXProject section */

/* Begin PBXResourcesBuildPhase section */
		9AD5B44D23BF5F3600A72348 /* Resources */ = {
			isa = PBXResourcesBuildPhase;
			buildActionMask = 2147483647;
			files = (
				9AD5B45F23BF5F3A00A72348 /* LaunchScreen.storyboard in Resources */,
				9AD5B45C23BF5F3A00A72348 /* Assets.xcassets in Resources */,
				9AD5B45A23BF5F3600A72348 /* Main.storyboard in Resources */,
			);
			runOnlyForDeploymentPostprocessing = 0;
		};
/* End PBXResourcesBuildPhase section */

/* Begin PBXSourcesBuildPhase section */
		9AD5B44B23BF5F3600A72348 /* Sources */ = {
			isa = PBXSourcesBuildPhase;
			buildActionMask = 2147483647;
			files = (
				9AD5B45723BF5F3600A72348 /* ViewController.swift in Sources */,
				9AD5B46B23BFB60400A72348 /* Extensions.swift in Sources */,
				9AD5B45323BF5F3600A72348 /* AppDelegate.swift in Sources */,
				9AD5B45523BF5F3600A72348 /* SceneDelegate.swift in Sources */,
				9AD5B46723BF610C00A72348 /* ColorfulTableViewCell.swift in Sources */,
				9AD5B46923BFB03D00A72348 /* DetailsViewController.swift in Sources */,
			);
			runOnlyForDeploymentPostprocessing = 0;
		};
/* End PBXSourcesBuildPhase section */

/* Begin PBXVariantGroup section */
		9AD5B45823BF5F3600A72348 /* Main.storyboard */ = {
			isa = PBXVariantGroup;
			children = (
				9AD5B45923BF5F3600A72348 /* Base */,
			);
			name = Main.storyboard;
			sourceTree = "<group>";
		};
		9AD5B45D23BF5F3A00A72348 /* LaunchScreen.storyboard */ = {
			isa = PBXVariantGroup;
			children = (
				9AD5B45E23BF5F3A00A72348 /* Base */,
			);
			name = LaunchScreen.storyboard;
			sourceTree = "<group>";
		};
/* End PBXVariantGroup section */

/* Begin XCBuildConfiguration section */
		9AD5B46123BF5F3A00A72348 /* Debug */ = {
			isa = XCBuildConfiguration;
			buildSettings = {
				ALWAYS_SEARCH_USER_PATHS = NO;
				CLANG_ANALYZER_NONNULL = YES;
				CLANG_ANALYZER_NUMBER_OBJECT_CONVERSION = YES_AGGRESSIVE;
				CLANG_CXX_LANGUAGE_STANDARD = "gnu++14";
				CLANG_CXX_LIBRARY = "libc++";
				CLANG_ENABLE_MODULES = YES;
				CLANG_ENABLE_OBJC_ARC = YES;
				CLANG_ENABLE_OBJC_WEAK = YES;
				CLANG_WARN_BLOCK_CAPTURE_AUTORELEASING = YES;
				CLANG_WARN_BOOL_CONVERSION = YES;
				CLANG_WARN_COMMA = YES;
				CLANG_WARN_CONSTANT_CONVERSION = YES;
				CLANG_WARN_DEPRECATED_OBJC_IMPLEMENTATIONS = YES;
				CLANG_WARN_DIRECT_OBJC_ISA_USAGE = YES_ERROR;
				CLANG_WARN_DOCUMENTATION_COMMENTS = YES;
				CLANG_WARN_EMPTY_BODY = YES;
				CLANG_WARN_ENUM_CONVERSION = YES;
				CLANG_WARN_INFINITE_RECURSION = YES;
				CLANG_WARN_INT_CONVERSION = YES;
				CLANG_WARN_NON_LITERAL_NULL_CONVERSION = YES;
				CLANG_WARN_OBJC_IMPLICIT_RETAIN_SELF = YES;
				CLANG_WARN_OBJC_LITERAL_CONVERSION = YES;
				CLANG_WARN_OBJC_ROOT_CLASS = YES_ERROR;
				CLANG_WARN_RANGE_LOOP_ANALYSIS = YES;
				CLANG_WARN_STRICT_PROTOTYPES = YES;
				CLANG_WARN_SUSPICIOUS_MOVE = YES;
				CLANG_WARN_UNGUARDED_AVAILABILITY = YES_AGGRESSIVE;
				CLANG_WARN_UNREACHABLE_CODE = YES;
				CLANG_WARN__DUPLICATE_METHOD_MATCH = YES;
				COPY_PHASE_STRIP = NO;
				DEBUG_INFORMATION_FORMAT = dwarf;
				ENABLE_STRICT_OBJC_MSGSEND = YES;
				ENABLE_TESTABILITY = YES;
				GCC_C_LANGUAGE_STANDARD = gnu11;
				GCC_DYNAMIC_NO_PIC = NO;
				GCC_NO_COMMON_BLOCKS = YES;
				GCC_OPTIMIZATION_LEVEL = 0;
				GCC_PREPROCESSOR_DEFINITIONS = (
					"DEBUG=1",
					"$(inherited)",
				);
				GCC_WARN_64_TO_32_BIT_CONVERSION = YES;
				GCC_WARN_ABOUT_RETURN_TYPE = YES_ERROR;
				GCC_WARN_UNDECLARED_SELECTOR = YES;
				GCC_WARN_UNINITIALIZED_AUTOS = YES_AGGRESSIVE;
				GCC_WARN_UNUSED_FUNCTION = YES;
				GCC_WARN_UNUSED_VARIABLE = YES;
				IPHONEOS_DEPLOYMENT_TARGET = 13.2;
				MTL_ENABLE_DEBUG_INFO = INCLUDE_SOURCE;
				MTL_FAST_MATH = YES;
				ONLY_ACTIVE_ARCH = YES;
				SDKROOT = iphoneos;
				SWIFT_ACTIVE_COMPILATION_CONDITIONS = DEBUG;
				SWIFT_OPTIMIZATION_LEVEL = "-Onone";
			};
			name = Debug;
		};
		9AD5B46223BF5F3A00A72348 /* Release */ = {
			isa = XCBuildConfiguration;
			buildSettings = {
				ALWAYS_SEARCH_USER_PATHS = NO;
				CLANG_ANALYZER_NONNULL = YES;
				CLANG_ANALYZER_NUMBER_OBJECT_CONVERSION = YES_AGGRESSIVE;
				CLANG_CXX_LANGUAGE_STANDARD = "gnu++14";
				CLANG_CXX_LIBRARY = "libc++";
				CLANG_ENABLE_MODULES = YES;
				CLANG_ENABLE_OBJC_ARC = YES;
				CLANG_ENABLE_OBJC_WEAK = YES;
				CLANG_WARN_BLOCK_CAPTURE_AUTORELEASING = YES;
				CLANG_WARN_BOOL_CONVERSION = YES;
				CLANG_WARN_COMMA = YES;
				CLANG_WARN_CONSTANT_CONVERSION = YES;
				CLANG_WARN_DEPRECATED_OBJC_IMPLEMENTATIONS = YES;
				CLANG_WARN_DIRECT_OBJC_ISA_USAGE = YES_ERROR;
				CLANG_WARN_DOCUMENTATION_COMMENTS = YES;
				CLANG_WARN_EMPTY_BODY = YES;
				CLANG_WARN_ENUM_CONVERSION = YES;
				CLANG_WARN_INFINITE_RECURSION = YES;
				CLANG_WARN_INT_CONVERSION = YES;
				CLANG_WARN_NON_LITERAL_NULL_CONVERSION = YES;
				CLANG_WARN_OBJC_IMPLICIT_RETAIN_SELF = YES;
				CLANG_WARN_OBJC_LITERAL_CONVERSION = YES;
				CLANG_WARN_OBJC_ROOT_CLASS = YES_ERROR;
				CLANG_WARN_RANGE_LOOP_ANALYSIS = YES;
				CLANG_WARN_STRICT_PROTOTYPES = YES;
				CLANG_WARN_SUSPICIOUS_MOVE = YES;
				CLANG_WARN_UNGUARDED_AVAILABILITY = YES_AGGRESSIVE;
				CLANG_WARN_UNREACHABLE_CODE = YES;
				CLANG_WARN__DUPLICATE_METHOD_MATCH = YES;
				COPY_PHASE_STRIP = NO;
				DEBUG_INFORMATION_FORMAT = "dwarf-with-dsym";
				ENABLE_NS_ASSERTIONS = NO;
				ENABLE_STRICT_OBJC_MSGSEND = YES;
				GCC_C_LANGUAGE_STANDARD = gnu11;
				GCC_NO_COMMON_BLOCKS = YES;
				GCC_WARN_64_TO_32_BIT_CONVERSION = YES;
				GCC_WARN_ABOUT_RETURN_TYPE = YES_ERROR;
				GCC_WARN_UNDECLARED_SELECTOR = YES;
				GCC_WARN_UNINITIALIZED_AUTOS = YES_AGGRESSIVE;
				GCC_WARN_UNUSED_FUNCTION = YES;
				GCC_WARN_UNUSED_VARIABLE = YES;
				IPHONEOS_DEPLOYMENT_TARGET = 13.2;
				MTL_ENABLE_DEBUG_INFO = NO;
				MTL_FAST_MATH = YES;
				SDKROOT = iphoneos;
				SWIFT_COMPILATION_MODE = wholemodule;
				SWIFT_OPTIMIZATION_LEVEL = "-O";
				VALIDATE_PRODUCT = YES;
			};
			name = Release;
		};
		9AD5B46423BF5F3A00A72348 /* Debug */ = {
			isa = XCBuildConfiguration;
			buildSettings = {
				ASSETCATALOG_COMPILER_APPICON_NAME = AppIcon;
				CODE_SIGN_STYLE = Automatic;
				INFOPLIST_FILE = TableViewExpand/Info.plist;
				LD_RUNPATH_SEARCH_PATHS = (
					"$(inherited)",
					"@executable_path/Frameworks",
				);
				PRODUCT_BUNDLE_IDENTIFIER = com.heldesouky.TableViewExpand;
				PRODUCT_NAME = "$(TARGET_NAME)";
				SWIFT_VERSION = 5.0;
				TARGETED_DEVICE_FAMILY = "1,2";
			};
			name = Debug;
		};
		9AD5B46523BF5F3A00A72348 /* Release */ = {
			isa = XCBuildConfiguration;
			buildSettings = {
				ASSETCATALOG_COMPILER_APPICON_NAME = AppIcon;
				CODE_SIGN_STYLE = Automatic;
				INFOPLIST_FILE = TableViewExpand/Info.plist;
				LD_RUNPATH_SEARCH_PATHS = (
					"$(inherited)",
					"@executable_path/Frameworks",
				);
				PRODUCT_BUNDLE_IDENTIFIER = com.heldesouky.TableViewExpand;
				PRODUCT_NAME = "$(TARGET_NAME)";
				SWIFT_VERSION = 5.0;
				TARGETED_DEVICE_FAMILY = "1,2";
			};
			name = Release;
		};
/* End XCBuildConfiguration section */

/* Begin XCConfigurationList section */
		9AD5B44A23BF5F3600A72348 /* Build configuration list for PBXProject "TableViewExpand" */ = {
			isa = XCConfigurationList;
			buildConfigurations = (
				9AD5B46123BF5F3A00A72348 /* Debug */,
				9AD5B46223BF5F3A00A72348 /* Release */,
			);
			defaultConfigurationIsVisible = 0;
			defaultConfigurationName = Release;
		};
		9AD5B46323BF5F3A00A72348 /* Build configuration list for PBXNativeTarget "TableViewExpand" */ = {
			isa = XCConfigurationList;
			buildConfigurations = (
				9AD5B46423BF5F3A00A72348 /* Debug */,
				9AD5B46523BF5F3A00A72348 /* Release */,
			);
			defaultConfigurationIsVisible = 0;
			defaultConfigurationName = Release;
		};
/* End XCConfigurationList section */
	};
	rootObject = 9AD5B44723BF5F3600A72348 /* Project object */;
}
